hash: a63f3d0d080af9960b3b89565adb682c82c457dc691d41a6d02c1566728e2ef9
updated: 2018-03-08T20:40:12.782651+02:00
imports:
- name: github.com/dghubble/gologin
  version: ea49f1659cedb2bbef34a869e014700fec178ae5
- name: github.com/dgrijalva/jwt-go
  version: dbeaa9332f19a944acb5736b4456cfcc02140e29
- name: github.com/go-test/deep
  version: 6592d9cc0a499ad2d5f574fde80a2b5c5cc3b4f5
- name: github.com/gorilla/handlers
  version: 90663712d74cb411cbef281bc1e08c19d1a76145
- name: github.com/graphql-go/graphql
  version: 5e7dd4fc3e87341229fa03d8f79d2ab5455963fb
  subpackages:
  - gqlerrors
  - language/ast
  - language/kinds
  - language/lexer
  - language/location
  - language/parser
  - language/printer
  - language/source
  - language/typeInfo
  - language/visitor
- name: github.com/graphql-go/handler
  version: f0393b2c10daeebea900292b8e092e73475399d9
- name: github.com/jinzhu/gorm
  version: 6ed508ec6a4ecb3531899a69cbc746ccf65a4166
- name: github.com/jinzhu/inflection
  version: 04140366298a54a039076d798123ffa108fff46c
- name: github.com/lib/pq
  version: 83612a56d3dd153a94a629cd64925371c9adad78
  subpackages:
  - oid
- name: golang.org/x/crypto
  version: 0fcca4842a8d74bfddc2c96a073bd2a4d2a7a2e8
  subpackages:
  - bcrypt
  - blowfish
testImports: []
